{
  "object": {
    "pins": [
      {
        "package": "OpenSSL",
        "repositoryURL": "https://github.com/IBM-Swift/OpenSSL",
        "state": {
          "branch": null,
          "revision": "6c7e2e3610037fbc05c0d846cec981518961d8bf",
          "version": "2.2.2"
        }
      }
    ]
  },
  "version": 1
}
